// !$*UTF8*$!
{
	archiveVersion = 1;
	classes = {
	};
	objectVersion = 50;
	objects = {

/* Begin PBXBuildFile section */
		1B4C4E68EB9465D16B85E428 /* libPods-Footprint.a in Frameworks */ = {isa = PBXBuildFile; fileRef = 51D3F2F5C42868627AEA42A4 /* libPods-Footprint.a */; };
		DC88C32722186868008AA93A /* DismissViewController.swift in Sources */ = {isa = PBXBuildFile; fileRef = DC88C32622186868008AA93A /* DismissViewController.swift */; };
		DC88C3292218719C008AA93A /* PlacesViewController.swift in Sources */ = {isa = PBXBuildFile; fileRef = DC88C3282218719C008AA93A /* PlacesViewController.swift */; };
		DCABB6B12217B10C00BF5A80 /* AppDelegate.swift in Sources */ = {isa = PBXBuildFile; fileRef = DCABB6B02217B10C00BF5A80 /* AppDelegate.swift */; };
		DCABB6B82217B10E00BF5A80 /* Assets.xcassets in Resources */ = {isa = PBXBuildFile; fileRef = DCABB6B72217B10E00BF5A80 /* Assets.xcassets */; };
		DCABB6BB2217B10E00BF5A80 /* LaunchScreen.storyboard in Resources */ = {isa = PBXBuildFile; fileRef = DCABB6B92217B10E00BF5A80 /* LaunchScreen.storyboard */; };
		DCABB6C32217CCB700BF5A80 /* Constants.swift in Sources */ = {isa = PBXBuildFile; fileRef = DCABB6C22217CCB700BF5A80 /* Constants.swift */; };
		DCABB6C52217CE1600BF5A80 /* FLayoutConstraints.swift in Sources */ = {isa = PBXBuildFile; fileRef = DCABB6C42217CE1600BF5A80 /* FLayoutConstraints.swift */; };
		DCABB6C72217CEFF00BF5A80 /* AutoLabel.swift in Sources */ = {isa = PBXBuildFile; fileRef = DCABB6C62217CEFF00BF5A80 /* AutoLabel.swift */; };
		DCABB6C92217D2EE00BF5A80 /* AutoButton.swift in Sources */ = {isa = PBXBuildFile; fileRef = DCABB6C82217D2EE00BF5A80 /* AutoButton.swift */; };
		DCABB6CB2217DA0B00BF5A80 /* MapsViewController.swift in Sources */ = {isa = PBXBuildFile; fileRef = DCABB6CA2217DA0B00BF5A80 /* MapsViewController.swift */; };
		DCABB6CE2217F8C700BF5A80 /* AutoTextField.swift in Sources */ = {isa = PBXBuildFile; fileRef = DCABB6CD2217F8C700BF5A80 /* AutoTextField.swift */; };
		DCABB6D02217F8D300BF5A80 /* ColorExtensions.swift in Sources */ = {isa = PBXBuildFile; fileRef = DCABB6CF2217F8D300BF5A80 /* ColorExtensions.swift */; };
		DCABB6D4221803A100BF5A80 /* LoginFields.swift in Sources */ = {isa = PBXBuildFile; fileRef = DCABB6D3221803A100BF5A80 /* LoginFields.swift */; };
		DCABB6D8221809E200BF5A80 /* HTTP.swift in Sources */ = {isa = PBXBuildFile; fileRef = DCABB6D7221809E200BF5A80 /* HTTP.swift */; };
		DCF5C7DC22182B84003E9C63 /* GoogleMapsAPI.swift in Sources */ = {isa = PBXBuildFile; fileRef = DCF5C7DB22182B84003E9C63 /* GoogleMapsAPI.swift */; };
		DCF5C7DE22185467003E9C63 /* GoogleMapsDecoder.swift in Sources */ = {isa = PBXBuildFile; fileRef = DCF5C7DD22185467003E9C63 /* GoogleMapsDecoder.swift */; };
		DCF5C7E0221857FD003E9C63 /* LoginViewController.swift in Sources */ = {isa = PBXBuildFile; fileRef = DCF5C7DF221857FD003E9C63 /* LoginViewController.swift */; };
		DCF5C7E222185809003E9C63 /* HomeViewController.swift in Sources */ = {isa = PBXBuildFile; fileRef = DCF5C7E122185809003E9C63 /* HomeViewController.swift */; };
		DCF5C7E422185819003E9C63 /* FPServerAPI.swift in Sources */ = {isa = PBXBuildFile; fileRef = DCF5C7E322185819003E9C63 /* FPServerAPI.swift */; };
/* End PBXBuildFile section */

/* Begin PBXFileReference section */
		1C647F74F6748E78DA9C3589 /* Pods-Footprint.release.xcconfig */ = {isa = PBXFileReference; includeInIndex = 1; lastKnownFileType = text.xcconfig; name = "Pods-Footprint.release.xcconfig"; path = "Target Support Files/Pods-Footprint/Pods-Footprint.release.xcconfig"; sourceTree = "<group>"; };
		51D3F2F5C42868627AEA42A4 /* libPods-Footprint.a */ = {isa = PBXFileReference; explicitFileType = archive.ar; includeInIndex = 0; path = "libPods-Footprint.a"; sourceTree = BUILT_PRODUCTS_DIR; };
		BE1D9A7ACD4011E27B502961 /* Pods-Footprint.debug.xcconfig */ = {isa = PBXFileReference; includeInIndex = 1; lastKnownFileType = text.xcconfig; name = "Pods-Footprint.debug.xcconfig"; path = "Target Support Files/Pods-Footprint/Pods-Footprint.debug.xcconfig"; sourceTree = "<group>"; };
		DC88C32622186868008AA93A /* DismissViewController.swift */ = {isa = PBXFileReference; lastKnownFileType = sourcecode.swift; path = DismissViewController.swift; sourceTree = "<group>"; };
		DC88C3282218719C008AA93A /* PlacesViewController.swift */ = {isa = PBXFileReference; lastKnownFileType = sourcecode.swift; path = PlacesViewController.swift; sourceTree = "<group>"; };
		DCABB6AD2217B10C00BF5A80 /* Footprint.app */ = {isa = PBXFileReference; explicitFileType = wrapper.application; includeInIndex = 0; path = Footprint.app; sourceTree = BUILT_PRODUCTS_DIR; };
		DCABB6B02217B10C00BF5A80 /* AppDelegate.swift */ = {isa = PBXFileReference; lastKnownFileType = sourcecode.swift; path = AppDelegate.swift; sourceTree = "<group>"; };
		DCABB6B72217B10E00BF5A80 /* Assets.xcassets */ = {isa = PBXFileReference; lastKnownFileType = folder.assetcatalog; path = Assets.xcassets; sourceTree = "<group>"; };
		DCABB6BA2217B10E00BF5A80 /* Base */ = {isa = PBXFileReference; lastKnownFileType = file.storyboard; name = Base; path = Base.lproj/LaunchScreen.storyboard; sourceTree = "<group>"; };
		DCABB6BC2217B10E00BF5A80 /* Info.plist */ = {isa = PBXFileReference; lastKnownFileType = text.plist.xml; path = Info.plist; sourceTree = "<group>"; };
		DCABB6C22217CCB700BF5A80 /* Constants.swift */ = {isa = PBXFileReference; lastKnownFileType = sourcecode.swift; path = Constants.swift; sourceTree = "<group>"; };
		DCABB6C42217CE1600BF5A80 /* FLayoutConstraints.swift */ = {isa = PBXFileReference; lastKnownFileType = sourcecode.swift; path = FLayoutConstraints.swift; sourceTree = "<group>"; };
		DCABB6C62217CEFF00BF5A80 /* AutoLabel.swift */ = {isa = PBXFileReference; lastKnownFileType = sourcecode.swift; path = AutoLabel.swift; sourceTree = "<group>"; };
		DCABB6C82217D2EE00BF5A80 /* AutoButton.swift */ = {isa = PBXFileReference; lastKnownFileType = sourcecode.swift; path = AutoButton.swift; sourceTree = "<group>"; };
		DCABB6CA2217DA0B00BF5A80 /* MapsViewController.swift */ = {isa = PBXFileReference; lastKnownFileType = sourcecode.swift; path = MapsViewController.swift; sourceTree = "<group>"; };
		DCABB6CD2217F8C700BF5A80 /* AutoTextField.swift */ = {isa = PBXFileReference; fileEncoding = 4; lastKnownFileType = sourcecode.swift; path = AutoTextField.swift; sourceTree = "<group>"; };
		DCABB6CF2217F8D300BF5A80 /* ColorExtensions.swift */ = {isa = PBXFileReference; fileEncoding = 4; lastKnownFileType = sourcecode.swift; path = ColorExtensions.swift; sourceTree = "<group>"; };
		DCABB6D3221803A100BF5A80 /* LoginFields.swift */ = {isa = PBXFileReference; fileEncoding = 4; lastKnownFileType = sourcecode.swift; path = LoginFields.swift; sourceTree = "<group>"; };
		DCABB6D7221809E200BF5A80 /* HTTP.swift */ = {isa = PBXFileReference; lastKnownFileType = sourcecode.swift; name = HTTP.swift; path = Footprint/HTTP.swift; sourceTree = SOURCE_ROOT; };
		DCF5C7DB22182B84003E9C63 /* GoogleMapsAPI.swift */ = {isa = PBXFileReference; lastKnownFileType = sourcecode.swift; path = GoogleMapsAPI.swift; sourceTree = "<group>"; };
		DCF5C7DD22185467003E9C63 /* GoogleMapsDecoder.swift */ = {isa = PBXFileReference; lastKnownFileType = sourcecode.swift; path = GoogleMapsDecoder.swift; sourceTree = "<group>"; };
		DCF5C7DF221857FD003E9C63 /* LoginViewController.swift */ = {isa = PBXFileReference; fileEncoding = 4; lastKnownFileType = sourcecode.swift; name = LoginViewController.swift; path = Footprint/LoginViewController.swift; sourceTree = SOURCE_ROOT; };
		DCF5C7E122185809003E9C63 /* HomeViewController.swift */ = {isa = PBXFileReference; fileEncoding = 4; lastKnownFileType = sourcecode.swift; name = HomeViewController.swift; path = Footprint/HomeViewController.swift; sourceTree = SOURCE_ROOT; };
		DCF5C7E322185819003E9C63 /* FPServerAPI.swift */ = {isa = PBXFileReference; fileEncoding = 4; lastKnownFileType = sourcecode.swift; path = FPServerAPI.swift; sourceTree = "<group>"; };
/* End PBXFileReference section */

/* Begin PBXFrameworksBuildPhase section */
		DCABB6AA2217B10C00BF5A80 /* Frameworks */ = {
			isa = PBXFrameworksBuildPhase;
			buildActionMask = 2147483647;
			files = (
				1B4C4E68EB9465D16B85E428 /* libPods-Footprint.a in Frameworks */,
			);
			runOnlyForDeploymentPostprocessing = 0;
		};
/* End PBXFrameworksBuildPhase section */

/* Begin PBXGroup section */
		4E0A668C4FE91598F9733991 /* Frameworks */ = {
			isa = PBXGroup;
			children = (
				51D3F2F5C42868627AEA42A4 /* libPods-Footprint.a */,
			);
			name = Frameworks;
			sourceTree = "<group>";
		};
		C74FE5D68FB5F27C049AF16B /* Pods */ = {
			isa = PBXGroup;
			children = (
				BE1D9A7ACD4011E27B502961 /* Pods-Footprint.debug.xcconfig */,
				1C647F74F6748E78DA9C3589 /* Pods-Footprint.release.xcconfig */,
			);
			path = Pods;
			sourceTree = "<group>";
		};
		DCABB6A42217B10C00BF5A80 = {
			isa = PBXGroup;
			children = (
				DCABB6AF2217B10C00BF5A80 /* Footprint */,
				DCABB6AE2217B10C00BF5A80 /* Products */,
				C74FE5D68FB5F27C049AF16B /* Pods */,
				4E0A668C4FE91598F9733991 /* Frameworks */,
			);
			sourceTree = "<group>";
		};
		DCABB6AE2217B10C00BF5A80 /* Products */ = {
			isa = PBXGroup;
			children = (
				DCABB6AD2217B10C00BF5A80 /* Footprint.app */,
			);
			name = Products;
			sourceTree = "<group>";
		};
		DCABB6AF2217B10C00BF5A80 /* Footprint */ = {
			isa = PBXGroup;
			children = (
				DCABB6B02217B10C00BF5A80 /* AppDelegate.swift */,
				DCABB6C22217CCB700BF5A80 /* Constants.swift */,
				DCABB6CF2217F8D300BF5A80 /* ColorExtensions.swift */,
				DCABB6C42217CE1600BF5A80 /* FLayoutConstraints.swift */,
				DCABB6D7221809E200BF5A80 /* HTTP.swift */,
				DCF5C7E322185819003E9C63 /* FPServerAPI.swift */,
				DCF5C7DB22182B84003E9C63 /* GoogleMapsAPI.swift */,
				DCF5C7DD22185467003E9C63 /* GoogleMapsDecoder.swift */,
				DCABB6C62217CEFF00BF5A80 /* AutoLabel.swift */,
				DCABB6C82217D2EE00BF5A80 /* AutoButton.swift */,
				DCABB6CD2217F8C700BF5A80 /* AutoTextField.swift */,
				DCABB6D3221803A100BF5A80 /* LoginFields.swift */,
				DCABB6CC2217DA2600BF5A80 /* ViewControllers */,
				DCABB6B72217B10E00BF5A80 /* Assets.xcassets */,
				DCABB6B92217B10E00BF5A80 /* LaunchScreen.storyboard */,
				DCABB6BC2217B10E00BF5A80 /* Info.plist */,
			);
			path = Footprint;
			sourceTree = "<group>";
		};
		DCABB6CC2217DA2600BF5A80 /* ViewControllers */ = {
			isa = PBXGroup;
			children = (
				DC88C32622186868008AA93A /* DismissViewController.swift */,
				DCF5C7E122185809003E9C63 /* HomeViewController.swift */,
				DCF5C7DF221857FD003E9C63 /* LoginViewController.swift */,
				DCABB6CA2217DA0B00BF5A80 /* MapsViewController.swift */,
				DC88C3282218719C008AA93A /* PlacesViewController.swift */,
			);
			path = ViewControllers;
			sourceTree = "<group>";
		};
/* End PBXGroup section */

/* Begin PBXNativeTarget section */
		DCABB6AC2217B10C00BF5A80 /* Footprint */ = {
			isa = PBXNativeTarget;
			buildConfigurationList = DCABB6BF2217B10E00BF5A80 /* Build configuration list for PBXNativeTarget "Footprint" */;
			buildPhases = (
				37436032F0615B7459DA1941 /* [CP] Check Pods Manifest.lock */,
				DCABB6A92217B10C00BF5A80 /* Sources */,
				DCABB6AA2217B10C00BF5A80 /* Frameworks */,
				DCABB6AB2217B10C00BF5A80 /* Resources */,
				AA1C63095A67EF7FB0323D03 /* [CP] Copy Pods Resources */,
			);
			buildRules = (
			);
			dependencies = (
			);
			name = Footprint;
			productName = Footprint;
			productReference = DCABB6AD2217B10C00BF5A80 /* Footprint.app */;
			productType = "com.apple.product-type.application";
		};
/* End PBXNativeTarget section */

/* Begin PBXProject section */
		DCABB6A52217B10C00BF5A80 /* Project object */ = {
			isa = PBXProject;
			attributes = {
				LastSwiftUpdateCheck = 1010;
				LastUpgradeCheck = 1010;
				ORGANIZATIONNAME = "Jing Lin";
				TargetAttributes = {
					DCABB6AC2217B10C00BF5A80 = {
						CreatedOnToolsVersion = 10.1;
					};
				};
			};
			buildConfigurationList = DCABB6A82217B10C00BF5A80 /* Build configuration list for PBXProject "Footprint" */;
			compatibilityVersion = "Xcode 9.3";
			developmentRegion = en;
			hasScannedForEncodings = 0;
			knownRegions = (
				en,
				Base,
			);
			mainGroup = DCABB6A42217B10C00BF5A80;
			productRefGroup = DCABB6AE2217B10C00BF5A80 /* Products */;
			projectDirPath = "";
			projectRoot = "";
			targets = (
				DCABB6AC2217B10C00BF5A80 /* Footprint */,
			);
		};
/* End PBXProject section */

/* Begin PBXResourcesBuildPhase section */
		DCABB6AB2217B10C00BF5A80 /* Resources */ = {
			isa = PBXResourcesBuildPhase;
			buildActionMask = 2147483647;
			files = (
				DCABB6BB2217B10E00BF5A80 /* LaunchScreen.storyboard in Resources */,
				DCABB6B82217B10E00BF5A80 /* Assets.xcassets in Resources */,
			);
			runOnlyForDeploymentPostprocessing = 0;
		};
/* End PBXResourcesBuildPhase section */

/* Begin PBXShellScriptBuildPhase section */
		37436032F0615B7459DA1941 /* [CP] Check Pods Manifest.lock */ = {
			isa = PBXShellScriptBuildPhase;
			buildActionMask = 2147483647;
			files = (
			);
			inputFileListPaths = (
			);
			inputPaths = (
				"${PODS_PODFILE_DIR_PATH}/Podfile.lock",
				"${PODS_ROOT}/Manifest.lock",
			);
			name = "[CP] Check Pods Manifest.lock";
			outputFileListPaths = (
			);
			outputPaths = (
				"$(DERIVED_FILE_DIR)/Pods-Footprint-checkManifestLockResult.txt",
			);
			runOnlyForDeploymentPostprocessing = 0;
			shellPath = /bin/sh;
			shellScript = "diff \"${PODS_PODFILE_DIR_PATH}/Podfile.lock\" \"${PODS_ROOT}/Manifest.lock\" > /dev/null\nif [ $? != 0 ] ; then\n    # print error to STDERR\n    echo \"error: The sandbox is not in sync with the Podfile.lock. Run 'pod install' or update your CocoaPods installation.\" >&2\n    exit 1\nfi\n# This output is used by Xcode 'outputs' to avoid re-running this script phase.\necho \"SUCCESS\" > \"${SCRIPT_OUTPUT_FILE_0}\"\n";
			showEnvVarsInLog = 0;
		};
		AA1C63095A67EF7FB0323D03 /* [CP] Copy Pods Resources */ = {
			isa = PBXShellScriptBuildPhase;
			buildActionMask = 2147483647;
			files = (
			);
			inputFileListPaths = (
			);
			inputPaths = (
				"${PODS_ROOT}/Target Support Files/Pods-Footprint/Pods-Footprint-resources.sh",
				"${PODS_ROOT}/GoogleMaps/Maps/Frameworks/GoogleMaps.framework/Resources/GoogleMaps.bundle",
				"${PODS_ROOT}/GooglePlaces/Frameworks/GooglePlaces.framework/Resources/GooglePlaces.bundle",
			);
			name = "[CP] Copy Pods Resources";
			outputFileListPaths = (
			);
			outputPaths = (
				"${TARGET_BUILD_DIR}/${UNLOCALIZED_RESOURCES_FOLDER_PATH}/GoogleMaps.bundle",
				"${TARGET_BUILD_DIR}/${UNLOCALIZED_RESOURCES_FOLDER_PATH}/GooglePlaces.bundle",
			);
			runOnlyForDeploymentPostprocessing = 0;
			shellPath = /bin/sh;
			shellScript = "\"${PODS_ROOT}/Target Support Files/Pods-Footprint/Pods-Footprint-resources.sh\"\n";
			showEnvVarsInLog = 0;
		};
/* End PBXShellScriptBuildPhase section */

/* Begin PBXSourcesBuildPhase section */
		DCABB6A92217B10C00BF5A80 /* Sources */ = {
			isa = PBXSourcesBuildPhase;
			buildActionMask = 2147483647;
			files = (
				DCF5C7E0221857FD003E9C63 /* LoginViewController.swift in Sources */,
				DC88C32722186868008AA93A /* DismissViewController.swift in Sources */,
				DCABB6CE2217F8C700BF5A80 /* AutoTextField.swift in Sources */,
				DCF5C7DE22185467003E9C63 /* GoogleMapsDecoder.swift in Sources */,
				DCABB6B12217B10C00BF5A80 /* AppDelegate.swift in Sources */,
				DCF5C7DC22182B84003E9C63 /* GoogleMapsAPI.swift in Sources */,
				DCF5C7E222185809003E9C63 /* HomeViewController.swift in Sources */,
				DC88C3292218719C008AA93A /* PlacesViewController.swift in Sources */,
				DCABB6CB2217DA0B00BF5A80 /* MapsViewController.swift in Sources */,
				DCABB6C92217D2EE00BF5A80 /* AutoButton.swift in Sources */,
				DCABB6D8221809E200BF5A80 /* HTTP.swift in Sources */,
				DCABB6D4221803A100BF5A80 /* LoginFields.swift in Sources */,
				DCABB6D02217F8D300BF5A80 /* ColorExtensions.swift in Sources */,
				DCABB6C32217CCB700BF5A80 /* Constants.swift in Sources */,
				DCABB6C72217CEFF00BF5A80 /* AutoLabel.swift in Sources */,
				DCABB6C52217CE1600BF5A80 /* FLayoutConstraints.swift in Sources */,
				DCF5C7E422185819003E9C63 /* FPServerAPI.swift in Sources */,
			);
			runOnlyForDeploymentPostprocessing = 0;
		};
/* End PBXSourcesBuildPhase section */

/* Begin PBXVariantGroup section */
		DCABB6B92217B10E00BF5A80 /* LaunchScreen.storyboard */ = {
			isa = PBXVariantGroup;
			children = (
				DCABB6BA2217B10E00BF5A80 /* Base */,
			);
			name = LaunchScreen.storyboard;
			sourceTree = "<group>";
		};
/* End PBXVariantGroup section */

/* Begin XCBuildConfiguration section */
		DCABB6BD2217B10E00BF5A80 /* Debug */ = {
			isa = XCBuildConfiguration;
			buildSettings = {
				ALWAYS_SEARCH_USER_PATHS = NO;
				CLANG_ANALYZER_NONNULL = YES;
				CLANG_ANALYZER_NUMBER_OBJECT_CONVERSION = YES_AGGRESSIVE;
				CLANG_CXX_LANGUAGE_STANDARD = "gnu++14";
				CLANG_CXX_LIBRARY = "libc++";
				CLANG_ENABLE_MODULES = YES;
				CLANG_ENABLE_OBJC_ARC = YES;
				CLANG_ENABLE_OBJC_WEAK = YES;
				CLANG_WARN_BLOCK_CAPTURE_AUTORELEASING = YES;
				CLANG_WARN_BOOL_CONVERSION = YES;
				CLANG_WARN_COMMA = YES;
				CLANG_WARN_CONSTANT_CONVERSION = YES;
				CLANG_WARN_DEPRECATED_OBJC_IMPLEMENTATIONS = YES;
				CLANG_WARN_DIRECT_OBJC_ISA_USAGE = YES_ERROR;
				CLANG_WARN_DOCUMENTATION_COMMENTS = YES;
				CLANG_WARN_EMPTY_BODY = YES;
				CLANG_WARN_ENUM_CONVERSION = YES;
				CLANG_WARN_INFINITE_RECURSION = YES;
				CLANG_WARN_INT_CONVERSION = YES;
				CLANG_WARN_NON_LITERAL_NULL_CONVERSION = YES;
				CLANG_WARN_OBJC_IMPLICIT_RETAIN_SELF = YES;
				CLANG_WARN_OBJC_LITERAL_CONVERSION = YES;
				CLANG_WARN_OBJC_ROOT_CLASS = YES_ERROR;
				CLANG_WARN_RANGE_LOOP_ANALYSIS = YES;
				CLANG_WARN_STRICT_PROTOTYPES = YES;
				CLANG_WARN_SUSPICIOUS_MOVE = YES;
				CLANG_WARN_UNGUARDED_AVAILABILITY = YES_AGGRESSIVE;
				CLANG_WARN_UNREACHABLE_CODE = YES;
				CLANG_WARN__DUPLICATE_METHOD_MATCH = YES;
				CODE_SIGN_IDENTITY = "iPhone Developer";
				COPY_PHASE_STRIP = NO;
				DEBUG_INFORMATION_FORMAT = dwarf;
				ENABLE_STRICT_OBJC_MSGSEND = YES;
				ENABLE_TESTABILITY = YES;
				GCC_C_LANGUAGE_STANDARD = gnu11;
				GCC_DYNAMIC_NO_PIC = NO;
				GCC_NO_COMMON_BLOCKS = YES;
				GCC_OPTIMIZATION_LEVEL = 0;
				GCC_PREPROCESSOR_DEFINITIONS = (
					"DEBUG=1",
					"$(inherited)",
				);
				GCC_WARN_64_TO_32_BIT_CONVERSION = YES;
				GCC_WARN_ABOUT_RETURN_TYPE = YES_ERROR;
				GCC_WARN_UNDECLARED_SELECTOR = YES;
				GCC_WARN_UNINITIALIZED_AUTOS = YES_AGGRESSIVE;
				GCC_WARN_UNUSED_FUNCTION = YES;
				GCC_WARN_UNUSED_VARIABLE = YES;
				IPHONEOS_DEPLOYMENT_TARGET = 12.1;
				MTL_ENABLE_DEBUG_INFO = INCLUDE_SOURCE;
				MTL_FAST_MATH = YES;
				ONLY_ACTIVE_ARCH = YES;
				SDKROOT = iphoneos;
				SWIFT_ACTIVE_COMPILATION_CONDITIONS = DEBUG;
				SWIFT_OPTIMIZATION_LEVEL = "-Onone";
			};
			name = Debug;
		};
		DCABB6BE2217B10E00BF5A80 /* Release */ = {
			isa = XCBuildConfiguration;
			buildSettings = {
				ALWAYS_SEARCH_USER_PATHS = NO;
				CLANG_ANALYZER_NONNULL = YES;
				CLANG_ANALYZER_NUMBER_OBJECT_CONVERSION = YES_AGGRESSIVE;
				CLANG_CXX_LANGUAGE_STANDARD = "gnu++14";
				CLANG_CXX_LIBRARY = "libc++";
				CLANG_ENABLE_MODULES = YES;
				CLANG_ENABLE_OBJC_ARC = YES;
				CLANG_ENABLE_OBJC_WEAK = YES;
				CLANG_WARN_BLOCK_CAPTURE_AUTORELEASING = YES;
				CLANG_WARN_BOOL_CONVERSION = YES;
				CLANG_WARN_COMMA = YES;
				CLANG_WARN_CONSTANT_CONVERSION = YES;
				CLANG_WARN_DEPRECATED_OBJC_IMPLEMENTATIONS = YES;
				CLANG_WARN_DIRECT_OBJC_ISA_USAGE = YES_ERROR;
				CLANG_WARN_DOCUMENTATION_COMMENTS = YES;
				CLANG_WARN_EMPTY_BODY = YES;
				CLANG_WARN_ENUM_CONVERSION = YES;
				CLANG_WARN_INFINITE_RECURSION = YES;
				CLANG_WARN_INT_CONVERSION = YES;
				CLANG_WARN_NON_LITERAL_NULL_CONVERSION = YES;
				CLANG_WARN_OBJC_IMPLICIT_RETAIN_SELF = YES;
				CLANG_WARN_OBJC_LITERAL_CONVERSION = YES;
				CLANG_WARN_OBJC_ROOT_CLASS = YES_ERROR;
				CLANG_WARN_RANGE_LOOP_ANALYSIS = YES;
				CLANG_WARN_STRICT_PROTOTYPES = YES;
				CLANG_WARN_SUSPICIOUS_MOVE = YES;
				CLANG_WARN_UNGUARDED_AVAILABILITY = YES_AGGRESSIVE;
				CLANG_WARN_UNREACHABLE_CODE = YES;
				CLANG_WARN__DUPLICATE_METHOD_MATCH = YES;
				CODE_SIGN_IDENTITY = "iPhone Developer";
				COPY_PHASE_STRIP = NO;
				DEBUG_INFORMATION_FORMAT = "dwarf-with-dsym";
				ENABLE_NS_ASSERTIONS = NO;
				ENABLE_STRICT_OBJC_MSGSEND = YES;
				GCC_C_LANGUAGE_STANDARD = gnu11;
				GCC_NO_COMMON_BLOCKS = YES;
				GCC_WARN_64_TO_32_BIT_CONVERSION = YES;
				GCC_WARN_ABOUT_RETURN_TYPE = YES_ERROR;
				GCC_WARN_UNDECLARED_SELECTOR = YES;
				GCC_WARN_UNINITIALIZED_AUTOS = YES_AGGRESSIVE;
				GCC_WARN_UNUSED_FUNCTION = YES;
				GCC_WARN_UNUSED_VARIABLE = YES;
				IPHONEOS_DEPLOYMENT_TARGET = 12.1;
				MTL_ENABLE_DEBUG_INFO = NO;
				MTL_FAST_MATH = YES;
				SDKROOT = iphoneos;
				SWIFT_COMPILATION_MODE = wholemodule;
				SWIFT_OPTIMIZATION_LEVEL = "-O";
				VALIDATE_PRODUCT = YES;
			};
			name = Release;
		};
		DCABB6C02217B10E00BF5A80 /* Debug */ = {
			isa = XCBuildConfiguration;
			baseConfigurationReference = BE1D9A7ACD4011E27B502961 /* Pods-Footprint.debug.xcconfig */;
			buildSettings = {
				ASSETCATALOG_COMPILER_APPICON_NAME = AppIcon;
				CODE_SIGN_STYLE = Automatic;
				DEVELOPMENT_TEAM = RVL5FPMMX7;
				INFOPLIST_FILE = Footprint/Info.plist;
				LD_RUNPATH_SEARCH_PATHS = (
					"$(inherited)",
					"@executable_path/Frameworks",
				);
				PRODUCT_BUNDLE_IDENTIFIER = moderatelyfunctionalprogrammers.Footprint;
				PRODUCT_NAME = "$(TARGET_NAME)";
				SWIFT_VERSION = 4.2;
				TARGETED_DEVICE_FAMILY = "1,2";
			};
			name = Debug;
		};
		DCABB6C12217B10E00BF5A80 /* Release */ = {
			isa = XCBuildConfiguration;
			baseConfigurationReference = 1C647F74F6748E78DA9C3589 /* Pods-Footprint.release.xcconfig */;
			buildSettings = {
				ASSETCATALOG_COMPILER_APPICON_NAME = AppIcon;
				CODE_SIGN_STYLE = Automatic;
				DEVELOPMENT_TEAM = RVL5FPMMX7;
				INFOPLIST_FILE = Footprint/Info.plist;
				LD_RUNPATH_SEARCH_PATHS = (
					"$(inherited)",
					"@executable_path/Frameworks",
				);
				PRODUCT_BUNDLE_IDENTIFIER = moderatelyfunctionalprogrammers.Footprint;
				PRODUCT_NAME = "$(TARGET_NAME)";
				SWIFT_VERSION = 4.2;
				TARGETED_DEVICE_FAMILY = "1,2";
			};
			name = Release;
		};
/* End XCBuildConfiguration section */

/* Begin XCConfigurationList section */
		DCABB6A82217B10C00BF5A80 /* Build configuration list for PBXProject "Footprint" */ = {
			isa = XCConfigurationList;
			buildConfigurations = (
				DCABB6BD2217B10E00BF5A80 /* Debug */,
				DCABB6BE2217B10E00BF5A80 /* Release */,
			);
			defaultConfigurationIsVisible = 0;
			defaultConfigurationName = Release;
		};
		DCABB6BF2217B10E00BF5A80 /* Build configuration list for PBXNativeTarget "Footprint" */ = {
			isa = XCConfigurationList;
			buildConfigurations = (
				DCABB6C02217B10E00BF5A80 /* Debug */,
				DCABB6C12217B10E00BF5A80 /* Release */,
			);
			defaultConfigurationIsVisible = 0;
			defaultConfigurationName = Release;
		};
/* End XCConfigurationList section */
	};
	rootObject = DCABB6A52217B10C00BF5A80 /* Project object */;
}
